
Microsoft Visual Studio Solution File, Format Version 12.00
Project("{FAE04EC0-301F-11D3-BF4B-00C04F79EFBC}") = "OdysseyItems", "OdysseyItems\OdysseyItems.csproj", "{0E9378B6-3070-4498-AA74-865431E2683A}"
EndProject
Project("{FAE04EC0-301F-11D3-BF4B-00C04F79EFBC}") = "OdysseyItemsPlus", "OdysseyItemsPlus\OdysseyItemsPlus.csproj", "{EE8E99F7-75AA-44AF-8CB1-20C9D90F14CB}"
EndProject
Global
	GlobalSection(SolutionConfigurationPlatforms) = preSolution
		Debug|Any CPU = Debug|Any CPU
		Release|Any CPU = Release|Any CPU
	EndGlobalSection
	GlobalSection(ProjectConfigurationPlatforms) = postSolution
		{0E9378B6-3070-4498-AA74-865431E2683A}.Debug|Any CPU.ActiveCfg = Debug|Any CPU
		{0E9378B6-3070-4498-AA74-865431E2683A}.Debug|Any CPU.Build.0 = Debug|Any CPU
		{0E9378B6-3070-4498-AA74-865431E2683A}.Release|Any CPU.ActiveCfg = Release|Any CPU
		{0E9378B6-3070-4498-AA74-865431E2683A}.Release|Any CPU.Build.0 = Release|Any CPU
		{EE8E99F7-75AA-44AF-8CB1-20C9D90F14CB}.Debug|Any CPU.ActiveCfg = Debug|Any CPU
		{EE8E99F7-75AA-44AF-8CB1-20C9D90F14CB}.Debug|Any CPU.Build.0 = Debug|Any CPU
		{EE8E99F7-75AA-44AF-8CB1-20C9D90F14CB}.Release|Any CPU.ActiveCfg = Release|Any CPU
		{EE8E99F7-75AA-44AF-8CB1-20C9D90F14CB}.Release|Any CPU.Build.0 = Release|Any CPU
	EndGlobalSection
EndGlobal
